{
  "version": 4,
  "terraform_version": "1.0.8",
  "serial": 12,
  "lineage": "104bfcc8-3805-7de3-cc02-7b098c2ba415",
  "outputs": {},
  "resources": [
    {
      "mode": "managed",
      "type": "azurerm_linux_virtual_machine",
      "name": "linuxvm",
      "provider": "provider[\"registry.terraform.io/hashicorp/azurerm\"]",
      "instances": [
        {
          "schema_version": 0,
          "attributes": {
            "additional_capabilities": [],
            "admin_password": null,
            "admin_ssh_key": [
              {
                "public_key": "ssh-rsa AAAAB3NzaC1yc2EAAAADAQABAAACAQDwfmb3u/kyrzpJaVWbH+qOICybaOLjUxSZiWg74aRtmund20rpCl5TnhWmHRQ1MSMOEorToKqFXVkAIJMJlqsTsU605ZNmr3biQbkyl5+zjT+O+tKVXbUCsl1i+pZbUkuSQIEVI+evPARHp+RTUypM0Quok49OMqKvxeJw8ilnx/87F4IHj0YOz6ujaWJa1KA1HzqSLLRHH1gsqPk7tvuvSVHdmhxt+mpGbL6X/X61ed4/23o5p+KSJPOy13NiMNvZozi/XQPa9SxqBJEdvpL67ahTH6M6BCh/QsiM047V0Z5ZjQiFnF8HwH67LTf7Di/PeGjfvPFmyGHphYpbpLh/LqiSBrz3kQyxjgeUUHmbKt8kqBbRZhyBJHfKkVpEvhrEYZ6sTlwaDSRyACHg5jJrjFMGb5rZQnaw+mMuSdCUn3bAfhBzhM98EwBZwLQ2Ggysj/VHsOKnw9tHK2h7pcMaclatxeAYh0zAKID6mpJXua0NRILBletDGi1iMkKEnqvMvdipv5H50+44exDpTVUTo9UYR5iAaJ/F9PDgE62QZEFwZmOkvMuugvEy351iuvo+vsC5JlwLyPcmIeQhyed2FfZCWXUy3rsKxu5+iQDddBkI2KAi6X3rFOze4qscXLVjDpVw4WcBoCsUINbP4mqbeHCuQRYgd3aCND+OOVhSuw==\n",
                "username": "azureuser"
              }
            ],
            "admin_username": "azureuser",
            "allow_extension_operations": true,
            "availability_set_id": "",
            "boot_diagnostics": [
              {
                "storage_account_uri": "https://diag98e13ea48d44b10f.blob.core.windows.net/"
              }
            ],
            "computer_name": "myvm",
            "custom_data": null,
            "dedicated_host_id": "",
            "disable_password_authentication": true,
            "encryption_at_host_enabled": false,
            "eviction_policy": "",
            "extensions_time_budget": "PT1H30M",
            "id": "/subscriptions/447233d6-1e21-4b70-bdde-c207a0ff3738/resourceGroups/my_terraform_rg/providers/Microsoft.Compute/virtualMachines/linuxvm019",
            "identity": [],
            "license_type": "",
            "location": "westeurope",
            "max_bid_price": -1,
            "name": "linuxvm019",
            "network_interface_ids": [
              "/subscriptions/447233d6-1e21-4b70-bdde-c207a0ff3738/resourceGroups/my_terraform_rg/providers/Microsoft.Network/networkInterfaces/nicprod019"
            ],
            "os_disk": [
              {
                "caching": "ReadWrite",
                "diff_disk_settings": [],
                "disk_encryption_set_id": "",
                "disk_size_gb": 30,
                "name": "myOsDisk",
                "storage_account_type": "Premium_LRS",
                "write_accelerator_enabled": false
              }
            ],
            "plan": [],
            "platform_fault_domain": -1,
            "priority": "Regular",
            "private_ip_address": "10.0.1.4",
            "private_ip_addresses": [
              "10.0.1.4"
            ],
            "provision_vm_agent": true,
            "proximity_placement_group_id": "",
            "public_ip_address": "20.93.134.16",
            "public_ip_addresses": [
              "20.93.134.16"
            ],
            "resource_group_name": "my_terraform_rg",
            "secret": [],
            "size": "Standard_DS1_v2",
            "source_image_id": "",
            "source_image_reference": [
              {
                "offer": "UbuntuServer",
                "publisher": "Canonical",
                "sku": "18.04-LTS",
                "version": "latest"
              }
            ],
            "tags": {
              "environment": "production"
            },
            "timeouts": null,
            "virtual_machine_id": "7e4ac24f-10dc-4388-bbbe-550f109f3fee",
            "virtual_machine_scale_set_id": "",
            "zone": ""
          },
          "sensitive_attributes": [],
          "private": "eyJlMmJmYjczMC1lY2FhLTExZTYtOGY4OC0zNDM2M2JjN2M0YzAiOnsiY3JlYXRlIjoyNzAwMDAwMDAwMDAwLCJkZWxldGUiOjI3MDAwMDAwMDAwMDAsInJlYWQiOjMwMDAwMDAwMDAwMCwidXBkYXRlIjoyNzAwMDAwMDAwMDAwfX0=",
          "dependencies": [
            "azurerm_network_interface.nic",
            "azurerm_public_ip.public_ip",
            "azurerm_resource_group.rg",
            "azurerm_storage_account.storage",
            "azurerm_subnet.subnet",
            "azurerm_virtual_network.vnet",
            "random_id.randomId",
            "tls_private_key.example_ssh"
          ]
        }
      ]
    },
    {
      "mode": "managed",
      "type": "azurerm_network_interface",
      "name": "nic",
      "provider": "provider[\"registry.terraform.io/hashicorp/azurerm\"]",
      "instances": [
        {
          "schema_version": 0,
          "attributes": {
            "applied_dns_servers": [],
            "dns_servers": [],
            "enable_accelerated_networking": false,
            "enable_ip_forwarding": false,
            "id": "/subscriptions/447233d6-1e21-4b70-bdde-c207a0ff3738/resourceGroups/my_terraform_rg/providers/Microsoft.Network/networkInterfaces/nicprod019",
            "internal_dns_name_label": "",
            "internal_domain_name_suffix": "gqq2fikmnvhezmjyedzulgnfea.ax.internal.cloudapp.net",
            "ip_configuration": [
              {
                "name": "myNicConfiguration",
                "primary": true,
                "private_ip_address": "10.0.1.4",
                "private_ip_address_allocation": "Dynamic",
                "private_ip_address_version": "IPv4",
                "public_ip_address_id": "/subscriptions/447233d6-1e21-4b70-bdde-c207a0ff3738/resourceGroups/my_terraform_rg/providers/Microsoft.Network/publicIPAddresses/publicip019",
                "subnet_id": "/subscriptions/447233d6-1e21-4b70-bdde-c207a0ff3738/resourceGroups/my_terraform_rg/providers/Microsoft.Network/virtualNetworks/vnetprod019/subnets/subnet019"
              }
            ],
            "location": "westeurope",
            "mac_address": "",
            "name": "nicprod019",
            "private_ip_address": "10.0.1.4",
            "private_ip_addresses": [
              "10.0.1.4"
            ],
            "resource_group_name": "my_terraform_rg",
            "tags": {
              "environment": "production"
            },
            "timeouts": null,
            "virtual_machine_id": ""
          },
          "sensitive_attributes": [],
          "private": "eyJlMmJmYjczMC1lY2FhLTExZTYtOGY4OC0zNDM2M2JjN2M0YzAiOnsiY3JlYXRlIjoxODAwMDAwMDAwMDAwLCJkZWxldGUiOjE4MDAwMDAwMDAwMDAsInJlYWQiOjMwMDAwMDAwMDAwMCwidXBkYXRlIjoxODAwMDAwMDAwMDAwfX0=",
          "dependencies": [
            "azurerm_public_ip.public_ip",
            "azurerm_resource_group.rg",
            "azurerm_subnet.subnet",
            "azurerm_virtual_network.vnet"
          ]
        }
      ]
    },
    {
      "mode": "managed",
      "type": "azurerm_network_interface_security_group_association",
      "name": "association",
      "provider": "provider[\"registry.terraform.io/hashicorp/azurerm\"]",
      "instances": [
        {
          "schema_version": 0,
          "attributes": {
            "id": "/subscriptions/447233d6-1e21-4b70-bdde-c207a0ff3738/resourceGroups/my_terraform_rg/providers/Microsoft.Network/networkInterfaces/nicprod019|/subscriptions/447233d6-1e21-4b70-bdde-c207a0ff3738/resourceGroups/my_terraform_rg/providers/Microsoft.Network/networkSecurityGroups/nsgprod019",
            "network_interface_id": "/subscriptions/447233d6-1e21-4b70-bdde-c207a0ff3738/resourceGroups/my_terraform_rg/providers/Microsoft.Network/networkInterfaces/nicprod019",
            "network_security_group_id": "/subscriptions/447233d6-1e21-4b70-bdde-c207a0ff3738/resourceGroups/my_terraform_rg/providers/Microsoft.Network/networkSecurityGroups/nsgprod019",
            "timeouts": null
          },
          "sensitive_attributes": [],
          "private": "eyJlMmJmYjczMC1lY2FhLTExZTYtOGY4OC0zNDM2M2JjN2M0YzAiOnsiY3JlYXRlIjoxODAwMDAwMDAwMDAwLCJkZWxldGUiOjE4MDAwMDAwMDAwMDAsInJlYWQiOjMwMDAwMDAwMDAwMCwidXBkYXRlIjoxODAwMDAwMDAwMDAwfX0=",
          "dependencies": [
            "azurerm_network_interface.nic",
            "azurerm_network_security_group.nsg",
            "azurerm_public_ip.public_ip",
            "azurerm_resource_group.rg",
            "azurerm_subnet.subnet",
            "azurerm_virtual_network.vnet"
          ]
        }
      ]
    },
    {
      "mode": "managed",
      "type": "azurerm_network_security_group",
      "name": "nsg",
      "provider": "provider[\"registry.terraform.io/hashicorp/azurerm\"]",
      "instances": [
        {
          "schema_version": 0,
          "attributes": {
            "id": "/subscriptions/447233d6-1e21-4b70-bdde-c207a0ff3738/resourceGroups/my_terraform_rg/providers/Microsoft.Network/networkSecurityGroups/nsgprod019",
            "location": "westeurope",
            "name": "nsgprod019",
            "resource_group_name": "my_terraform_rg",
            "security_rule": [
              {
                "access": "Allow",
                "description": "",
                "destination_address_prefix": "*",
                "destination_address_prefixes": [],
                "destination_application_security_group_ids": [],
                "destination_port_range": "22",
                "destination_port_ranges": [],
                "direction": "Inbound",
                "name": "SSH",
                "priority": 1001,
                "protocol": "Tcp",
                "source_address_prefix": "*",
                "source_address_prefixes": [],
                "source_application_security_group_ids": [],
                "source_port_range": "*",
                "source_port_ranges": []
              }
            ],
            "tags": {
              "environment": "production"
            },
            "timeouts": null
          },
          "sensitive_attributes": [],
          "private": "eyJlMmJmYjczMC1lY2FhLTExZTYtOGY4OC0zNDM2M2JjN2M0YzAiOnsiY3JlYXRlIjoxODAwMDAwMDAwMDAwLCJkZWxldGUiOjE4MDAwMDAwMDAwMDAsInJlYWQiOjMwMDAwMDAwMDAwMCwidXBkYXRlIjoxODAwMDAwMDAwMDAwfX0=",
          "dependencies": [
            "azurerm_resource_group.rg"
          ]
        }
      ]
    },
    {
      "mode": "managed",
      "type": "azurerm_public_ip",
      "name": "public_ip",
      "provider": "provider[\"registry.terraform.io/hashicorp/azurerm\"]",
      "instances": [
        {
          "schema_version": 0,
          "attributes": {
            "allocation_method": "Dynamic",
            "availability_zone": "No-Zone",
            "domain_name_label": null,
            "fqdn": null,
            "id": "/subscriptions/447233d6-1e21-4b70-bdde-c207a0ff3738/resourceGroups/my_terraform_rg/providers/Microsoft.Network/publicIPAddresses/publicip019",
            "idle_timeout_in_minutes": 4,
            "ip_address": "",
            "ip_tags": null,
            "ip_version": "IPv4",
            "location": "westeurope",
            "name": "publicip019",
            "public_ip_prefix_id": null,
            "resource_group_name": "my_terraform_rg",
            "reverse_fqdn": null,
            "sku": "Basic",
            "sku_tier": "Regional",
            "tags": {
              "environment": "production"
            },
            "timeouts": null,
            "zones": []
          },
          "sensitive_attributes": [],
          "private": "eyJlMmJmYjczMC1lY2FhLTExZTYtOGY4OC0zNDM2M2JjN2M0YzAiOnsiY3JlYXRlIjoxODAwMDAwMDAwMDAwLCJkZWxldGUiOjE4MDAwMDAwMDAwMDAsInJlYWQiOjMwMDAwMDAwMDAwMCwidXBkYXRlIjoxODAwMDAwMDAwMDAwfX0=",
          "dependencies": [
            "azurerm_resource_group.rg"
          ]
        }
      ]
    },
    {
      "mode": "managed",
      "type": "azurerm_resource_group",
      "name": "rg",
      "provider": "provider[\"registry.terraform.io/hashicorp/azurerm\"]",
      "instances": [
        {
          "schema_version": 0,
          "attributes": {
            "id": "/subscriptions/447233d6-1e21-4b70-bdde-c207a0ff3738/resourceGroups/my_terraform_rg",
            "location": "westeurope",
            "name": "my_terraform_rg",
            "tags": {
              "environment": "production"
            },
            "timeouts": null
          },
          "sensitive_attributes": [],
          "private": "eyJlMmJmYjczMC1lY2FhLTExZTYtOGY4OC0zNDM2M2JjN2M0YzAiOnsiY3JlYXRlIjo1NDAwMDAwMDAwMDAwLCJkZWxldGUiOjU0MDAwMDAwMDAwMDAsInJlYWQiOjMwMDAwMDAwMDAwMCwidXBkYXRlIjo1NDAwMDAwMDAwMDAwfX0="
        }
      ]
    },
    {
      "mode": "managed",
      "type": "azurerm_storage_account",
      "name": "storage",
      "provider": "provider[\"registry.terraform.io/hashicorp/azurerm\"]",
      "instances": [
        {
          "schema_version": 2,
          "attributes": {
            "access_tier": "Hot",
            "account_kind": "StorageV2",
            "account_replication_type": "LRS",
            "account_tier": "Standard",
            "allow_blob_public_access": false,
            "azure_files_authentication": [],
            "blob_properties": [
              {
                "change_feed_enabled": false,
                "container_delete_retention_policy": [],
                "cors_rule": [],
                "default_service_version": "",
                "delete_retention_policy": [],
                "last_access_time_enabled": false,
                "versioning_enabled": false
              }
            ],
            "custom_domain": [],
            "enable_https_traffic_only": true,
            "id": "/subscriptions/447233d6-1e21-4b70-bdde-c207a0ff3738/resourceGroups/my_terraform_rg/providers/Microsoft.Storage/storageAccounts/diag98e13ea48d44b10f",
            "identity": [],
            "is_hns_enabled": false,
            "large_file_share_enabled": null,
            "location": "westeurope",
            "min_tls_version": "TLS1_0",
            "name": "diag98e13ea48d44b10f",
            "network_rules": [
              {
                "bypass": [
                  "AzureServices"
                ],
                "default_action": "Allow",
                "ip_rules": [],
                "private_link_access": [],
                "virtual_network_subnet_ids": []
              }
            ],
            "nfsv3_enabled": false,
            "primary_access_key": "9XFueDAPwDp3wRFG55aqLjZjS6wk7ADRWDaiDDmlso3VzpPX3hKXz77fxsqpAAFS9dB3ddvHYlrnoZsO+wKhdQ==",
            "primary_blob_connection_string": "DefaultEndpointsProtocol=https;BlobEndpoint=https://diag98e13ea48d44b10f.blob.core.windows.net/;AccountName=diag98e13ea48d44b10f;AccountKey=9XFueDAPwDp3wRFG55aqLjZjS6wk7ADRWDaiDDmlso3VzpPX3hKXz77fxsqpAAFS9dB3ddvHYlrnoZsO+wKhdQ==",
            "primary_blob_endpoint": "https://diag98e13ea48d44b10f.blob.core.windows.net/",
            "primary_blob_host": "diag98e13ea48d44b10f.blob.core.windows.net",
            "primary_connection_string": "DefaultEndpointsProtocol=https;AccountName=diag98e13ea48d44b10f;AccountKey=9XFueDAPwDp3wRFG55aqLjZjS6wk7ADRWDaiDDmlso3VzpPX3hKXz77fxsqpAAFS9dB3ddvHYlrnoZsO+wKhdQ==;EndpointSuffix=core.windows.net",
            "primary_dfs_endpoint": "https://diag98e13ea48d44b10f.dfs.core.windows.net/",
            "primary_dfs_host": "diag98e13ea48d44b10f.dfs.core.windows.net",
            "primary_file_endpoint": "https://diag98e13ea48d44b10f.file.core.windows.net/",
            "primary_file_host": "diag98e13ea48d44b10f.file.core.windows.net",
            "primary_location": "westeurope",
            "primary_queue_endpoint": "https://diag98e13ea48d44b10f.queue.core.windows.net/",
            "primary_queue_host": "diag98e13ea48d44b10f.queue.core.windows.net",
            "primary_table_endpoint": "https://diag98e13ea48d44b10f.table.core.windows.net/",
            "primary_table_host": "diag98e13ea48d44b10f.table.core.windows.net",
            "primary_web_endpoint": "https://diag98e13ea48d44b10f.z6.web.core.windows.net/",
            "primary_web_host": "diag98e13ea48d44b10f.z6.web.core.windows.net",
            "queue_properties": [
              {
                "cors_rule": [],
                "hour_metrics": [
                  {
                    "enabled": true,
                    "include_apis": true,
                    "retention_policy_days": 7,
                    "version": "1.0"
                  }
                ],
                "logging": [
                  {
                    "delete": false,
                    "read": false,
                    "retention_policy_days": 0,
                    "version": "1.0",
                    "write": false
                  }
                ],
                "minute_metrics": [
                  {
                    "enabled": false,
                    "include_apis": false,
                    "retention_policy_days": 0,
                    "version": "1.0"
                  }
                ]
              }
            ],
            "resource_group_name": "my_terraform_rg",
            "routing": [],
            "secondary_access_key": "xtGHhGvnYKdp4sFpOTEJiw0c6vlzbxFc6F+wFOF9/O6xwETvemU2pj6gV+FtG7a2w/ZIqqFm3r0JfuRe4hDepw==",
            "secondary_blob_connection_string": "",
            "secondary_blob_endpoint": null,
            "secondary_blob_host": null,
            "secondary_connection_string": "DefaultEndpointsProtocol=https;AccountName=diag98e13ea48d44b10f;AccountKey=xtGHhGvnYKdp4sFpOTEJiw0c6vlzbxFc6F+wFOF9/O6xwETvemU2pj6gV+FtG7a2w/ZIqqFm3r0JfuRe4hDepw==;EndpointSuffix=core.windows.net",
            "secondary_dfs_endpoint": null,
            "secondary_dfs_host": null,
            "secondary_file_endpoint": null,
            "secondary_file_host": null,
            "secondary_location": "",
            "secondary_queue_endpoint": null,
            "secondary_queue_host": null,
            "secondary_table_endpoint": null,
            "secondary_table_host": null,
            "secondary_web_endpoint": null,
            "secondary_web_host": null,
            "share_properties": [
              {
                "cors_rule": [],
                "retention_policy": [
                  {
                    "days": 7
                  }
                ],
                "smb": []
              }
            ],
            "shared_access_key_enabled": true,
            "static_website": [],
            "tags": {
              "environment": "production"
            },
            "timeouts": null
          },
          "sensitive_attributes": [],
          "private": "eyJlMmJmYjczMC1lY2FhLTExZTYtOGY4OC0zNDM2M2JjN2M0YzAiOnsiY3JlYXRlIjozNjAwMDAwMDAwMDAwLCJkZWxldGUiOjM2MDAwMDAwMDAwMDAsInJlYWQiOjMwMDAwMDAwMDAwMCwidXBkYXRlIjozNjAwMDAwMDAwMDAwfSwic2NoZW1hX3ZlcnNpb24iOiIyIn0=",
          "dependencies": [
            "azurerm_resource_group.rg",
            "random_id.randomId"
          ]
        }
      ]
    },
    {
      "mode": "managed",
      "type": "azurerm_subnet",
      "name": "subnet",
      "provider": "provider[\"registry.terraform.io/hashicorp/azurerm\"]",
      "instances": [
        {
          "schema_version": 0,
          "attributes": {
            "address_prefix": "10.0.1.0/24",
            "address_prefixes": [
              "10.0.1.0/24"
            ],
            "delegation": [],
            "enforce_private_link_endpoint_network_policies": false,
            "enforce_private_link_service_network_policies": false,
            "id": "/subscriptions/447233d6-1e21-4b70-bdde-c207a0ff3738/resourceGroups/my_terraform_rg/providers/Microsoft.Network/virtualNetworks/vnetprod019/subnets/subnet019",
            "name": "subnet019",
            "resource_group_name": "my_terraform_rg",
            "service_endpoint_policy_ids": null,
            "service_endpoints": null,
            "timeouts": null,
            "virtual_network_name": "vnetprod019"
          },
          "sensitive_attributes": [],
          "private": "eyJlMmJmYjczMC1lY2FhLTExZTYtOGY4OC0zNDM2M2JjN2M0YzAiOnsiY3JlYXRlIjoxODAwMDAwMDAwMDAwLCJkZWxldGUiOjE4MDAwMDAwMDAwMDAsInJlYWQiOjMwMDAwMDAwMDAwMCwidXBkYXRlIjoxODAwMDAwMDAwMDAwfX0=",
          "dependencies": [
            "azurerm_resource_group.rg",
            "azurerm_virtual_network.vnet"
          ]
        }
      ]
    },
    {
      "mode": "managed",
      "type": "azurerm_virtual_network",
      "name": "vnet",
      "provider": "provider[\"registry.terraform.io/hashicorp/azurerm\"]",
      "instances": [
        {
          "schema_version": 0,
          "attributes": {
            "address_space": [
              "10.0.0.0/16"
            ],
            "bgp_community": "",
            "ddos_protection_plan": [],
            "dns_servers": [],
            "guid": "a1c22134-6d4c-4c4e-b138-20f34599a520",
            "id": "/subscriptions/447233d6-1e21-4b70-bdde-c207a0ff3738/resourceGroups/my_terraform_rg/providers/Microsoft.Network/virtualNetworks/vnetprod019",
            "location": "westeurope",
            "name": "vnetprod019",
            "resource_group_name": "my_terraform_rg",
            "subnet": [],
            "tags": {
              "environment": "production"
            },
            "timeouts": null,
            "vm_protection_enabled": false
          },
          "sensitive_attributes": [],
          "private": "eyJlMmJmYjczMC1lY2FhLTExZTYtOGY4OC0zNDM2M2JjN2M0YzAiOnsiY3JlYXRlIjoxODAwMDAwMDAwMDAwLCJkZWxldGUiOjE4MDAwMDAwMDAwMDAsInJlYWQiOjMwMDAwMDAwMDAwMCwidXBkYXRlIjoxODAwMDAwMDAwMDAwfX0=",
          "dependencies": [
            "azurerm_resource_group.rg"
          ]
        }
      ]
    },
    {
      "mode": "managed",
      "type": "random_id",
      "name": "randomId",
      "provider": "provider[\"registry.terraform.io/hashicorp/random\"]",
      "instances": [
        {
          "schema_version": 0,
          "attributes": {
            "b64_std": "mOE+pI1EsQ8=",
            "b64_url": "mOE-pI1EsQ8",
            "byte_length": 8,
            "dec": "11016155039990591759",
            "hex": "98e13ea48d44b10f",
            "id": "mOE-pI1EsQ8",
            "keepers": {
              "resource_group": "my_terraform_rg"
            },
            "prefix": null
          },
          "sensitive_attributes": [],
          "private": "bnVsbA==",
          "dependencies": [
            "azurerm_resource_group.rg"
          ]
        }
      ]
    },
    {
      "mode": "managed",
      "type": "tls_private_key",
      "name": "example_ssh",
      "provider": "provider[\"registry.terraform.io/hashicorp/tls\"]",
      "instances": [
        {
          "schema_version": 0,
          "attributes": {
            "algorithm": "RSA",
            "ecdsa_curve": "P224",
            "id": "efdea841391265fe8e71d60ba774dac15440b03e",
            "private_key_pem": "-----BEGIN RSA PRIVATE KEY-----\nMIIJKAIBAAKCAgEA8H5m97v5Mq86SWlVmx/qjiAsm2ji41MUmYloO+GkbZrp3dtK\n6QpeU54Vph0UNTEjDhKK06CqhV1ZACCTCZarE7FOtOWTZq924kG5Mpefs40/jvrS\nlV21ArJdYvqWW1JLkkCBFSPnrzwER6fkU1MqTNELqJOPTjKir8XicPIpZ8f/OxeC\nB49GDs+ro2liWtSgNR86kiy0Rx9YLKj5O7b7r0lR3ZocbfpqRmy+l/1+tXneP9t6\nOafikiTzstdzYjDb2aM4v10D2vUsagSRHb6S+u2oUx+jOgQof0LIjNOO1dGeWY0I\nhZxfB8B+uy03+w4vz3ho37zxZshh6YWKW6S4fy6okga895EMsY4HlFB5myrfJKgW\n0WYcgSR3ypFaRL4axGGerE5cGg0kcgAh4OYya4xTBm+a2UJ2sPpjLknQlJ92wH4Q\nc4TPfBMAWcC0NhoMrI/1R7Dip8PbRytoe6XDGnJWrcXgGIdMwCiA+pqSV7mtDUSC\nwZXrQxotYjJChJ6rzL3Yqb+R+dPuOHsQ6U1VE6PVGEeYgGifxfTw4BOtkGRBcGZj\npLzLroLxMt+dYrr6Pr7AuSZcC8j3JiHkIcnndhX2Qll1Mt67CsbufokA3XQZCNig\nIul96xTs3uKrHFy1Yw6VcOFnAaArFCDWz+Jqm3hwrkEWIHd2gjQ/jjlYUrsCAwEA\nAQKCAgB82qLKaqRtU9uG0VDIQEGdl8aQyFtCeZdwPo4GyJZ88LgJnhe99MwTzTag\nDui21NPGMoowZHEi29ug3Uh46efXSW37LFTiMqYdwNFNGrqmlOYybLV3JjcbN06U\nXFRDBO6G90YMm59kslvmd5tqRvrm9oB+/Fyh1FfxuWJeENq+Lm6rVwECu7c7aUVK\niSOu1ER4T8YwrVTKt9MnHHKINe9kiUQfMCsiTadu+HXaophtzt87d850sFxIUzbR\n2ljk2UjKLJsBfmDKBA8S21wbfR0BePCydvJe5FnB+AH2Wr8E8taq1zVdaFlNxPoG\nYut1Q2A+7dxEi+sn2VA71ECIY3QEUYxgV/19dKhjZGBoVf2Tej1eKFOGz7osyMu8\n5HIHOndwlL4gIbutuey8H9s1t8hpUOgM7X8FjjE9Xc0Eu3e961Dfd8ZMkwKpAgHJ\ntYFztkPjETHKQtaVKM7NC3ImN/J4kvFWdMZr2jbwoRUjQo2RoEQ4IMXIBAqj0YSp\ng7eZSRiLUEfTlSx+I7B7h7g6UnoBwXmrf6oqh5EyhFAtxUvMQ+svBquRfCK5D/S9\nXWswIvhK4rtmoj//UEYjRY4/COBD8DBquU/OexkR2fbxa4cKzqFMApRGLxp3CvKg\ny0aVujmeIPUhrY/4ren58LCltWGWwWSqj4IWphU0oaU37xf+wQKCAQEA8M47uPzc\nskOm20951Gf10jZ0Lq1qoRTDMnWYT1s2O4oxziTFyo0tGVswBbqesMqhd4W1rfkU\ns7FGv9DCQRvWCMUV8Mnjz27pM+S8BjZRsP0G9j4eQm3pHM1MsczicRozcoh24Z2D\nArXCTvB9reg5/N2iSEAY0nMQdayHKa6HLZXzwv+P9Q90YoHzOks0WDoN6qsdKs87\nYt5IR5uHZdgkM8PjsnqMcKC0vJUBRVmHe6046YqEIK2CH6Sm+2x/9bRQF2qTtSky\nHOVVzMN86lFURATOMGJv2NLuwi8zClA+wbbYc/wmcLvbIxv2xzvdXwpvnPNd+fyd\n/bx9SZKhlDYHnwKCAQEA/6shuPhYIV/x3OK+pHlY17g3UtDCTGV9CP+Qsu0Xcea+\n6B3zCToiD3TSaAT7Zjxh0UFiK6lzE93TksvygEaFYen8WViWI6f+Ci9U1x6odeKc\n1ZIeBSwm+KVwjnDJ8jOkkNsVzL+KIv8LJv05RSRGr1ffPYZuLqcmNiqTlPB3/TNP\nEmuFUWa/WN/oIhsa51lZqoLokCIZAi0pASlj1W3CRGsbxGJDCWHkgbJZjevfeYEL\nphf65MRBbZHpyLxWeV/GdwTUEZaF8SZT+9jwJTaPlfReBXo/aMkJKeroeZ27eFQD\nNf35OEFnog7BLL392CHmnPvPIfxj5XFYl+V+ZksPZQKCAQEAsopGT5bzzxxHx406\nqBjYcx66r60WRQ5O18fGwPfA0w5YdR5gpBheWtF4XpcKd8wVQbgahz4Jcl27NhcD\nICESZXgzF0+pH7B9KWOrYPO/R/miwso1x00UrK0u8xkUv4UMphu2APu3GjhHNB4t\nINbwv6JYYzda8BYuGwFrSaVERrFKhcbUJn9p7GurOgpuagfJL7flLUtvHZPvhWA0\nWHeUB+lylm80V4Ff3/6ebZu+zx0U+FsiMdRTiUCcKgg9K6CgTWxQzd4YcMI9Bk/e\n+yCH2NKzSb6CbQGf0swKDNiIXzpBbGWE3sr55CMkqn2hWYk0TetHP0Vkoq+xOO6F\n7IzOwwKCAQB4KaR13TL+rKtuV5umjen1qX1HDRrk8SYtHoCRt+E3BW5ghgL+KTZs\n8Uka3oyR5ntK8GIFh2Swx6dy7SwSohJ6jJCwJXSbWY+KlehYGu6uSU3RCxXU9IV0\ng709FUG09hS4iF/clYGFJT3Gm2lZV81pB/HCZvZOMv1ApA4tCEA83uqhC6vjMFlq\nmgHuVbL1XQdJnrFTXNNINJV7GEr1utp9caHhURWUyU+urXZtv5iO8NnavJaNAriF\nmPi6AdravOr4cWqCwa4+Qvdh/PoRY21k2y99f5Fh3GrUKrYMwtejnEjODYoeqI7e\nmfSs5Lbz6CsNSUR3Arqo0fcDnTclOM4JAoIBAEoZDJY0lxTCdEclY9vizN0SJ37v\nGNfoQj/5PU6cGnJ8NRGA+Ck6cEcrl0Rj+NH40FqsDP4oRYMmiWKjREHyWnzjQYDL\n0IwG8qiN5LOtt1E+ADLYJ00GKsj3I67RcI53KimtV5k04YEhIWmYsiTec9LOWEN+\nkVeDhWmXy6jWDrgqXal6dlmpga2adJycNiQgUpaTT07WU/GQRwsAhMXT7zZ+KZmD\nIQj93hw0wpIkJ5m24ZpjtH+x5fAra9wbUrasJm3NfgKvAEG/LG6keQ4NRbnID+3r\ndNmXoJJZi252x25rFbyJSEW2/Pb+l756jHQ+2NIY8qhVEAy0KFMXm7wORQ0=\n-----END RSA PRIVATE KEY-----\n",
            "public_key_fingerprint_md5": "92:17:93:f1:55:bd:93:aa:3d:0e:2c:cc:68:2f:80:04",
            "public_key_openssh": "ssh-rsa AAAAB3NzaC1yc2EAAAADAQABAAACAQDwfmb3u/kyrzpJaVWbH+qOICybaOLjUxSZiWg74aRtmund20rpCl5TnhWmHRQ1MSMOEorToKqFXVkAIJMJlqsTsU605ZNmr3biQbkyl5+zjT+O+tKVXbUCsl1i+pZbUkuSQIEVI+evPARHp+RTUypM0Quok49OMqKvxeJw8ilnx/87F4IHj0YOz6ujaWJa1KA1HzqSLLRHH1gsqPk7tvuvSVHdmhxt+mpGbL6X/X61ed4/23o5p+KSJPOy13NiMNvZozi/XQPa9SxqBJEdvpL67ahTH6M6BCh/QsiM047V0Z5ZjQiFnF8HwH67LTf7Di/PeGjfvPFmyGHphYpbpLh/LqiSBrz3kQyxjgeUUHmbKt8kqBbRZhyBJHfKkVpEvhrEYZ6sTlwaDSRyACHg5jJrjFMGb5rZQnaw+mMuSdCUn3bAfhBzhM98EwBZwLQ2Ggysj/VHsOKnw9tHK2h7pcMaclatxeAYh0zAKID6mpJXua0NRILBletDGi1iMkKEnqvMvdipv5H50+44exDpTVUTo9UYR5iAaJ/F9PDgE62QZEFwZmOkvMuugvEy351iuvo+vsC5JlwLyPcmIeQhyed2FfZCWXUy3rsKxu5+iQDddBkI2KAi6X3rFOze4qscXLVjDpVw4WcBoCsUINbP4mqbeHCuQRYgd3aCND+OOVhSuw==\n",
            "public_key_pem": "-----BEGIN PUBLIC KEY-----\nMIICIjANBgkqhkiG9w0BAQEFAAOCAg8AMIICCgKCAgEA8H5m97v5Mq86SWlVmx/q\njiAsm2ji41MUmYloO+GkbZrp3dtK6QpeU54Vph0UNTEjDhKK06CqhV1ZACCTCZar\nE7FOtOWTZq924kG5Mpefs40/jvrSlV21ArJdYvqWW1JLkkCBFSPnrzwER6fkU1Mq\nTNELqJOPTjKir8XicPIpZ8f/OxeCB49GDs+ro2liWtSgNR86kiy0Rx9YLKj5O7b7\nr0lR3ZocbfpqRmy+l/1+tXneP9t6OafikiTzstdzYjDb2aM4v10D2vUsagSRHb6S\n+u2oUx+jOgQof0LIjNOO1dGeWY0IhZxfB8B+uy03+w4vz3ho37zxZshh6YWKW6S4\nfy6okga895EMsY4HlFB5myrfJKgW0WYcgSR3ypFaRL4axGGerE5cGg0kcgAh4OYy\na4xTBm+a2UJ2sPpjLknQlJ92wH4Qc4TPfBMAWcC0NhoMrI/1R7Dip8PbRytoe6XD\nGnJWrcXgGIdMwCiA+pqSV7mtDUSCwZXrQxotYjJChJ6rzL3Yqb+R+dPuOHsQ6U1V\nE6PVGEeYgGifxfTw4BOtkGRBcGZjpLzLroLxMt+dYrr6Pr7AuSZcC8j3JiHkIcnn\ndhX2Qll1Mt67CsbufokA3XQZCNigIul96xTs3uKrHFy1Yw6VcOFnAaArFCDWz+Jq\nm3hwrkEWIHd2gjQ/jjlYUrsCAwEAAQ==\n-----END PUBLIC KEY-----\n",
            "rsa_bits": 4096
          },
          "sensitive_attributes": [],
          "private": "bnVsbA=="
        }
      ]
    }
  ]
}
